
Microsoft Visual Studio Solution File, Format Version 12.00
# Visual Studio Version 17
VisualStudioVersion = 17.0.31919.166
MinimumVisualStudioVersion = 10.0.40219.1
Project("{9A19103F-16F7-4668-BE54-9A1E7A4F7556}") = "EnvyPlugins.Server", "EnvyPlugins\Server\EnvyPlugins.Server.csproj", "{AAF75746-88D0-4DCB-BB49-CB8B863D6FDB}"
EndProject
Project("{9A19103F-16F7-4668-BE54-9A1E7A4F7556}") = "EnvyPlugins.Client", "EnvyPlugins\Client\EnvyPlugins.Client.csproj", "{D3E36A96-181D-406F-97A8-8FE83C90C6B6}"
EndProject
Project("{9A19103F-16F7-4668-BE54-9A1E7A4F7556}") = "EnvyPlugins.Shared", "EnvyPlugins\Shared\EnvyPlugins.Shared.csproj", "{12528CE9-B15A-4DD9-B5DA-4BF25E1C1F28}"
EndProject
Global
	GlobalSection(SolutionConfigurationPlatforms) = preSolution
		Debug|Any CPU = Debug|Any CPU
		Release|Any CPU = Release|Any CPU
	EndGlobalSection
	GlobalSection(ProjectConfigurationPlatforms) = postSolution
		{AAF75746-88D0-4DCB-BB49-CB8B863D6FDB}.Debug|Any CPU.ActiveCfg = Debug|Any CPU
		{AAF75746-88D0-4DCB-BB49-CB8B863D6FDB}.Debug|Any CPU.Build.0 = Debug|Any CPU
		{AAF75746-88D0-4DCB-BB49-CB8B863D6FDB}.Release|Any CPU.ActiveCfg = Release|Any CPU
		{AAF75746-88D0-4DCB-BB49-CB8B863D6FDB}.Release|Any CPU.Build.0 = Release|Any CPU
		{D3E36A96-181D-406F-97A8-8FE83C90C6B6}.Debug|Any CPU.ActiveCfg = Debug|Any CPU
		{D3E36A96-181D-406F-97A8-8FE83C90C6B6}.Debug|Any CPU.Build.0 = Debug|Any CPU
		{D3E36A96-181D-406F-97A8-8FE83C90C6B6}.Release|Any CPU.ActiveCfg = Release|Any CPU
		{D3E36A96-181D-406F-97A8-8FE83C90C6B6}.Release|Any CPU.Build.0 = Release|Any CPU
		{12528CE9-B15A-4DD9-B5DA-4BF25E1C1F28}.Debug|Any CPU.ActiveCfg = Debug|Any CPU
		{12528CE9-B15A-4DD9-B5DA-4BF25E1C1F28}.Debug|Any CPU.Build.0 = Debug|Any CPU
		{12528CE9-B15A-4DD9-B5DA-4BF25E1C1F28}.Release|Any CPU.ActiveCfg = Release|Any CPU
		{12528CE9-B15A-4DD9-B5DA-4BF25E1C1F28}.Release|Any CPU.Build.0 = Release|Any CPU
	EndGlobalSection
	GlobalSection(SolutionProperties) = preSolution
		HideSolutionNode = FALSE
	EndGlobalSection
	GlobalSection(ExtensibilityGlobals) = postSolution
		SolutionGuid = {A5EFF275-B0C7-4239-99C9-750BFF554201}
	EndGlobalSection
EndGlobal
